// !$*UTF8*$!
{
	archiveVersion = 1;
	classes = {
	};
	objectVersion = 46;
	objects = {

/* Begin PBXBuildFile section */
		DC45D33B1AF9112000222FF4 /* FriendLstCell.swift in Sources */ = {isa = PBXBuildFile; fileRef = DC45D33A1AF9112000222FF4 /* FriendLstCell.swift */; };
		DC525CF61AF4B4F300502CAD /* QueryCharacterData.swift in Sources */ = {isa = PBXBuildFile; fileRef = DC525CF51AF4B4F300502CAD /* QueryCharacterData.swift */; };
		DC62DBCB1AECAC7C00C25DE0 /* AppDelegate.swift in Sources */ = {isa = PBXBuildFile; fileRef = DC62DBCA1AECAC7C00C25DE0 /* AppDelegate.swift */; };
		DC62DBCD1AECAC7C00C25DE0 /* ListViewController.swift in Sources */ = {isa = PBXBuildFile; fileRef = DC62DBCC1AECAC7C00C25DE0 /* ListViewController.swift */; };
		DC62DBCF1AECAC7C00C25DE0 /* SecondViewController.swift in Sources */ = {isa = PBXBuildFile; fileRef = DC62DBCE1AECAC7C00C25DE0 /* SecondViewController.swift */; };
		DC62DBD21AECAC7C00C25DE0 /* Main.storyboard in Resources */ = {isa = PBXBuildFile; fileRef = DC62DBD01AECAC7C00C25DE0 /* Main.storyboard */; };
		DC62DBD41AECAC7C00C25DE0 /* Images.xcassets in Resources */ = {isa = PBXBuildFile; fileRef = DC62DBD31AECAC7C00C25DE0 /* Images.xcassets */; };
		DC62DBD71AECAC7C00C25DE0 /* LaunchScreen.xib in Resources */ = {isa = PBXBuildFile; fileRef = DC62DBD51AECAC7C00C25DE0 /* LaunchScreen.xib */; };
		DC62DBE31AECAC7D00C25DE0 /* CrusadersQuestDirectoryTests.swift in Sources */ = {isa = PBXBuildFile; fileRef = DC62DBE21AECAC7D00C25DE0 /* CrusadersQuestDirectoryTests.swift */; };
		DC62DBED1AECB11400C25DE0 /* characters.json in Resources */ = {isa = PBXBuildFile; fileRef = DC62DBEC1AECB11400C25DE0 /* characters.json */; };
		DC62DBEF1AECB5FE00C25DE0 /* SwiftJSONParse.swift in Sources */ = {isa = PBXBuildFile; fileRef = DC62DBEE1AECB5FE00C25DE0 /* SwiftJSONParse.swift */; };
		DC62DBF11AECB89600C25DE0 /* ListCharacterCellPic.swift in Sources */ = {isa = PBXBuildFile; fileRef = DC62DBF01AECB89600C25DE0 /* ListCharacterCellPic.swift */; };
		DC62DBF31AECB99C00C25DE0 /* img in Resources */ = {isa = PBXBuildFile; fileRef = DC62DBF21AECB99C00C25DE0 /* img */; };
		DC62DBF51AECC39100C25DE0 /* CharacterListCell.swift in Sources */ = {isa = PBXBuildFile; fileRef = DC62DBF41AECC39100C25DE0 /* CharacterListCell.swift */; };
		DC62DBF71AECDABD00C25DE0 /* layout in Resources */ = {isa = PBXBuildFile; fileRef = DC62DBF61AECDABD00C25DE0 /* layout */; };
		DC73F6B71AF89EF5001772EC /* Firebase.framework in Frameworks */ = {isa = PBXBuildFile; fileRef = DC73F6B61AF89EF5001772EC /* Firebase.framework */; };
		DC73F6B91AF89F57001772EC /* libicucore.dylib in Frameworks */ = {isa = PBXBuildFile; fileRef = DC73F6B81AF89F57001772EC /* libicucore.dylib */; };
		DC73F6BB1AF89F62001772EC /* libc++.dylib in Frameworks */ = {isa = PBXBuildFile; fileRef = DC73F6BA1AF89F62001772EC /* libc++.dylib */; };
		DC73F6BD1AF89F69001772EC /* CFNetwork.framework in Frameworks */ = {isa = PBXBuildFile; fileRef = DC73F6BC1AF89F69001772EC /* CFNetwork.framework */; };
		DC73F6BF1AF89F6F001772EC /* Security.framework in Frameworks */ = {isa = PBXBuildFile; fileRef = DC73F6BE1AF89F6F001772EC /* Security.framework */; };
		DC73F6C11AF89F7A001772EC /* SystemConfiguration.framework in Frameworks */ = {isa = PBXBuildFile; fileRef = DC73F6C01AF89F7A001772EC /* SystemConfiguration.framework */; };
		DCB0F2C61AF1F829009E01C8 /* CharacterDetailViewController.swift in Sources */ = {isa = PBXBuildFile; fileRef = DCB0F2C51AF1F829009E01C8 /* CharacterDetailViewController.swift */; };
		DCD62BBA1AFB45D800499AA5 /* CharacterInfoTableViewCell.swift in Sources */ = {isa = PBXBuildFile; fileRef = DCD62BB91AFB45D800499AA5 /* CharacterInfoTableViewCell.swift */; };
/* End PBXBuildFile section */

/* Begin PBXContainerItemProxy section */
		DC62DBDD1AECAC7D00C25DE0 /* PBXContainerItemProxy */ = {
			isa = PBXContainerItemProxy;
			containerPortal = DC62DBBD1AECAC7C00C25DE0 /* Project object */;
			proxyType = 1;
			remoteGlobalIDString = DC62DBC41AECAC7C00C25DE0;
			remoteInfo = CrusadersQuestDirectory;
		};
/* End PBXContainerItemProxy section */

/* Begin PBXFileReference section */
		DC45D33A1AF9112000222FF4 /* FriendLstCell.swift */ = {isa = PBXFileReference; fileEncoding = 4; lastKnownFileType = sourcecode.swift; name = FriendLstCell.swift; path = ../FriendLstCell.swift; sourceTree = "<group>"; };
		DC525CF51AF4B4F300502CAD /* QueryCharacterData.swift */ = {isa = PBXFileReference; fileEncoding = 4; lastKnownFileType = sourcecode.swift; path = QueryCharacterData.swift; sourceTree = "<group>"; };
		DC62DBC51AECAC7C00C25DE0 /* CrusadersQuestDirectory.app */ = {isa = PBXFileReference; explicitFileType = wrapper.application; includeInIndex = 0; path = CrusadersQuestDirectory.app; sourceTree = BUILT_PRODUCTS_DIR; };
		DC62DBC91AECAC7C00C25DE0 /* Info.plist */ = {isa = PBXFileReference; lastKnownFileType = text.plist.xml; path = Info.plist; sourceTree = "<group>"; };
		DC62DBCA1AECAC7C00C25DE0 /* AppDelegate.swift */ = {isa = PBXFileReference; lastKnownFileType = sourcecode.swift; path = AppDelegate.swift; sourceTree = "<group>"; };
		DC62DBCC1AECAC7C00C25DE0 /* ListViewController.swift */ = {isa = PBXFileReference; lastKnownFileType = sourcecode.swift; path = ListViewController.swift; sourceTree = "<group>"; };
		DC62DBCE1AECAC7C00C25DE0 /* SecondViewController.swift */ = {isa = PBXFileReference; lastKnownFileType = sourcecode.swift; path = SecondViewController.swift; sourceTree = "<group>"; };
		DC62DBD11AECAC7C00C25DE0 /* Base */ = {isa = PBXFileReference; lastKnownFileType = file.storyboard; name = Base; path = Base.lproj/Main.storyboard; sourceTree = "<group>"; };
		DC62DBD31AECAC7C00C25DE0 /* Images.xcassets */ = {isa = PBXFileReference; lastKnownFileType = folder.assetcatalog; path = Images.xcassets; sourceTree = "<group>"; };
		DC62DBD61AECAC7C00C25DE0 /* Base */ = {isa = PBXFileReference; lastKnownFileType = file.xib; name = Base; path = Base.lproj/LaunchScreen.xib; sourceTree = "<group>"; };
		DC62DBDC1AECAC7D00C25DE0 /* CrusadersQuestDirectoryTests.xctest */ = {isa = PBXFileReference; explicitFileType = wrapper.cfbundle; includeInIndex = 0; path = CrusadersQuestDirectoryTests.xctest; sourceTree = BUILT_PRODUCTS_DIR; };
		DC62DBE11AECAC7D00C25DE0 /* Info.plist */ = {isa = PBXFileReference; lastKnownFileType = text.plist.xml; path = Info.plist; sourceTree = "<group>"; };
		DC62DBE21AECAC7D00C25DE0 /* CrusadersQuestDirectoryTests.swift */ = {isa = PBXFileReference; lastKnownFileType = sourcecode.swift; path = CrusadersQuestDirectoryTests.swift; sourceTree = "<group>"; };
		DC62DBEC1AECB11400C25DE0 /* characters.json */ = {isa = PBXFileReference; fileEncoding = 4; lastKnownFileType = text.json; path = characters.json; sourceTree = "<group>"; };
		DC62DBEE1AECB5FE00C25DE0 /* SwiftJSONParse.swift */ = {isa = PBXFileReference; fileEncoding = 4; lastKnownFileType = sourcecode.swift; path = SwiftJSONParse.swift; sourceTree = "<group>"; };
		DC62DBF01AECB89600C25DE0 /* ListCharacterCellPic.swift */ = {isa = PBXFileReference; fileEncoding = 4; lastKnownFileType = sourcecode.swift; path = ListCharacterCellPic.swift; sourceTree = "<group>"; };
		DC62DBF21AECB99C00C25DE0 /* img */ = {isa = PBXFileReference; lastKnownFileType = folder; path = img; sourceTree = "<group>"; };
		DC62DBF41AECC39100C25DE0 /* CharacterListCell.swift */ = {isa = PBXFileReference; fileEncoding = 4; lastKnownFileType = sourcecode.swift; path = CharacterListCell.swift; sourceTree = "<group>"; };
		DC62DBF61AECDABD00C25DE0 /* layout */ = {isa = PBXFileReference; lastKnownFileType = folder; path = layout; sourceTree = "<group>"; };
		DC73F6B61AF89EF5001772EC /* Firebase.framework */ = {isa = PBXFileReference; lastKnownFileType = wrapper.framework; path = Firebase.framework; sourceTree = "<group>"; };
		DC73F6B81AF89F57001772EC /* libicucore.dylib */ = {isa = PBXFileReference; lastKnownFileType = "compiled.mach-o.dylib"; name = libicucore.dylib; path = usr/lib/libicucore.dylib; sourceTree = SDKROOT; };
		DC73F6BA1AF89F62001772EC /* libc++.dylib */ = {isa = PBXFileReference; lastKnownFileType = "compiled.mach-o.dylib"; name = "libc++.dylib"; path = "usr/lib/libc++.dylib"; sourceTree = SDKROOT; };
		DC73F6BC1AF89F69001772EC /* CFNetwork.framework */ = {isa = PBXFileReference; lastKnownFileType = wrapper.framework; name = CFNetwork.framework; path = System/Library/Frameworks/CFNetwork.framework; sourceTree = SDKROOT; };
		DC73F6BE1AF89F6F001772EC /* Security.framework */ = {isa = PBXFileReference; lastKnownFileType = wrapper.framework; name = Security.framework; path = System/Library/Frameworks/Security.framework; sourceTree = SDKROOT; };
		DC73F6C01AF89F7A001772EC /* SystemConfiguration.framework */ = {isa = PBXFileReference; lastKnownFileType = wrapper.framework; name = SystemConfiguration.framework; path = System/Library/Frameworks/SystemConfiguration.framework; sourceTree = SDKROOT; };
		DC73F6C21AF8A002001772EC /* CrusadersQuestDirectory-Bridging-Header.h */ = {isa = PBXFileReference; lastKnownFileType = sourcecode.c.h; path = "CrusadersQuestDirectory-Bridging-Header.h"; sourceTree = "<group>"; };
		DCB0F2C51AF1F829009E01C8 /* CharacterDetailViewController.swift */ = {isa = PBXFileReference; fileEncoding = 4; lastKnownFileType = sourcecode.swift; path = CharacterDetailViewController.swift; sourceTree = "<group>"; };
		DCD62BB91AFB45D800499AA5 /* CharacterInfoTableViewCell.swift */ = {isa = PBXFileReference; fileEncoding = 4; lastKnownFileType = sourcecode.swift; path = CharacterInfoTableViewCell.swift; sourceTree = "<group>"; };
/* End PBXFileReference section */

/* Begin PBXFrameworksBuildPhase section */
		DC62DBC21AECAC7C00C25DE0 /* Frameworks */ = {
			isa = PBXFrameworksBuildPhase;
			buildActionMask = 2147483647;
			files = (
				DC73F6C11AF89F7A001772EC /* SystemConfiguration.framework in Frameworks */,
				DC73F6BF1AF89F6F001772EC /* Security.framework in Frameworks */,
				DC73F6BD1AF89F69001772EC /* CFNetwork.framework in Frameworks */,
				DC73F6BB1AF89F62001772EC /* libc++.dylib in Frameworks */,
				DC73F6B91AF89F57001772EC /* libicucore.dylib in Frameworks */,
				DC73F6B71AF89EF5001772EC /* Firebase.framework in Frameworks */,
			);
			runOnlyForDeploymentPostprocessing = 0;
		};
		DC62DBD91AECAC7D00C25DE0 /* Frameworks */ = {
			isa = PBXFrameworksBuildPhase;
			buildActionMask = 2147483647;
			files = (
			);
			runOnlyForDeploymentPostprocessing = 0;
		};
/* End PBXFrameworksBuildPhase section */

/* Begin PBXGroup section */
		DC62DBBC1AECAC7C00C25DE0 = {
			isa = PBXGroup;
			children = (
				DC73F6C01AF89F7A001772EC /* SystemConfiguration.framework */,
				DC73F6BE1AF89F6F001772EC /* Security.framework */,
				DC73F6BC1AF89F69001772EC /* CFNetwork.framework */,
				DC73F6BA1AF89F62001772EC /* libc++.dylib */,
				DC73F6B81AF89F57001772EC /* libicucore.dylib */,
				DC73F6B61AF89EF5001772EC /* Firebase.framework */,
				DC62DBC71AECAC7C00C25DE0 /* CrusadersQuestDirectory */,
				DC62DBDF1AECAC7D00C25DE0 /* CrusadersQuestDirectoryTests */,
				DC62DBC61AECAC7C00C25DE0 /* Products */,
			);
			sourceTree = "<group>";
		};
		DC62DBC61AECAC7C00C25DE0 /* Products */ = {
			isa = PBXGroup;
			children = (
				DC62DBC51AECAC7C00C25DE0 /* CrusadersQuestDirectory.app */,
				DC62DBDC1AECAC7D00C25DE0 /* CrusadersQuestDirectoryTests.xctest */,
			);
			name = Products;
			sourceTree = "<group>";
		};
		DC62DBC71AECAC7C00C25DE0 /* CrusadersQuestDirectory */ = {
			isa = PBXGroup;
			children = (
				DC62DBF21AECB99C00C25DE0 /* img */,
				DC62DBCA1AECAC7C00C25DE0 /* AppDelegate.swift */,
				DC62DBEC1AECB11400C25DE0 /* characters.json */,
				DC62DBEE1AECB5FE00C25DE0 /* SwiftJSONParse.swift */,
				DC62DBCC1AECAC7C00C25DE0 /* ListViewController.swift */,
				DC45D33A1AF9112000222FF4 /* FriendLstCell.swift */,
				DC62DBCE1AECAC7C00C25DE0 /* SecondViewController.swift */,
				DCB0F2C51AF1F829009E01C8 /* CharacterDetailViewController.swift */,
				DCD62BB91AFB45D800499AA5 /* CharacterInfoTableViewCell.swift */,
				DC525CF51AF4B4F300502CAD /* QueryCharacterData.swift */,
				DC62DBF61AECDABD00C25DE0 /* layout */,
				DC62DBF01AECB89600C25DE0 /* ListCharacterCellPic.swift */,
				DC62DBD01AECAC7C00C25DE0 /* Main.storyboard */,
				DC62DBF41AECC39100C25DE0 /* CharacterListCell.swift */,
				DC62DBD31AECAC7C00C25DE0 /* Images.xcassets */,
				DC62DBD51AECAC7C00C25DE0 /* LaunchScreen.xib */,
				DC62DBC81AECAC7C00C25DE0 /* Supporting Files */,
				DC73F6C21AF8A002001772EC /* CrusadersQuestDirectory-Bridging-Header.h */,
			);
			path = CrusadersQuestDirectory;
			sourceTree = "<group>";
		};
		DC62DBC81AECAC7C00C25DE0 /* Supporting Files */ = {
			isa = PBXGroup;
			children = (
				DC62DBC91AECAC7C00C25DE0 /* Info.plist */,
			);
			name = "Supporting Files";
			sourceTree = "<group>";
		};
		DC62DBDF1AECAC7D00C25DE0 /* CrusadersQuestDirectoryTests */ = {
			isa = PBXGroup;
			children = (
				DC62DBE21AECAC7D00C25DE0 /* CrusadersQuestDirectoryTests.swift */,
				DC62DBE01AECAC7D00C25DE0 /* Supporting Files */,
			);
			path = CrusadersQuestDirectoryTests;
			sourceTree = "<group>";
		};
		DC62DBE01AECAC7D00C25DE0 /* Supporting Files */ = {
			isa = PBXGroup;
			children = (
				DC62DBE11AECAC7D00C25DE0 /* Info.plist */,
			);
			name = "Supporting Files";
			sourceTree = "<group>";
		};
/* End PBXGroup section */

/* Begin PBXNativeTarget section */
		DC62DBC41AECAC7C00C25DE0 /* CrusadersQuestDirectory */ = {
			isa = PBXNativeTarget;
			buildConfigurationList = DC62DBE61AECAC7D00C25DE0 /* Build configuration list for PBXNativeTarget "CrusadersQuestDirectory" */;
			buildPhases = (
				DC62DBC11AECAC7C00C25DE0 /* Sources */,
				DC62DBC21AECAC7C00C25DE0 /* Frameworks */,
				DC62DBC31AECAC7C00C25DE0 /* Resources */,
			);
			buildRules = (
			);
			dependencies = (
			);
			name = CrusadersQuestDirectory;
			productName = CrusadersQuestDirectory;
			productReference = DC62DBC51AECAC7C00C25DE0 /* CrusadersQuestDirectory.app */;
			productType = "com.apple.product-type.application";
		};
		DC62DBDB1AECAC7D00C25DE0 /* CrusadersQuestDirectoryTests */ = {
			isa = PBXNativeTarget;
			buildConfigurationList = DC62DBE91AECAC7D00C25DE0 /* Build configuration list for PBXNativeTarget "CrusadersQuestDirectoryTests" */;
			buildPhases = (
				DC62DBD81AECAC7D00C25DE0 /* Sources */,
				DC62DBD91AECAC7D00C25DE0 /* Frameworks */,
				DC62DBDA1AECAC7D00C25DE0 /* Resources */,
			);
			buildRules = (
			);
			dependencies = (
				DC62DBDE1AECAC7D00C25DE0 /* PBXTargetDependency */,
			);
			name = CrusadersQuestDirectoryTests;
			productName = CrusadersQuestDirectoryTests;
			productReference = DC62DBDC1AECAC7D00C25DE0 /* CrusadersQuestDirectoryTests.xctest */;
			productType = "com.apple.product-type.bundle.unit-test";
		};
/* End PBXNativeTarget section */

/* Begin PBXProject section */
		DC62DBBD1AECAC7C00C25DE0 /* Project object */ = {
			isa = PBXProject;
			attributes = {
				LastUpgradeCheck = 0630;
				ORGANIZATIONNAME = "CK Lam";
				TargetAttributes = {
					DC62DBC41AECAC7C00C25DE0 = {
						CreatedOnToolsVersion = 6.3.1;
					};
					DC62DBDB1AECAC7D00C25DE0 = {
						CreatedOnToolsVersion = 6.3.1;
						TestTargetID = DC62DBC41AECAC7C00C25DE0;
					};
				};
			};
			buildConfigurationList = DC62DBC01AECAC7C00C25DE0 /* Build configuration list for PBXProject "CrusadersQuestDirectory" */;
			compatibilityVersion = "Xcode 3.2";
			developmentRegion = English;
			hasScannedForEncodings = 0;
			knownRegions = (
				en,
				Base,
			);
			mainGroup = DC62DBBC1AECAC7C00C25DE0;
			productRefGroup = DC62DBC61AECAC7C00C25DE0 /* Products */;
			projectDirPath = "";
			projectRoot = "";
			targets = (
				DC62DBC41AECAC7C00C25DE0 /* CrusadersQuestDirectory */,
				DC62DBDB1AECAC7D00C25DE0 /* CrusadersQuestDirectoryTests */,
			);
		};
/* End PBXProject section */

/* Begin PBXResourcesBuildPhase section */
		DC62DBC31AECAC7C00C25DE0 /* Resources */ = {
			isa = PBXResourcesBuildPhase;
			buildActionMask = 2147483647;
			files = (
				DC62DBF31AECB99C00C25DE0 /* img in Resources */,
				DC62DBD21AECAC7C00C25DE0 /* Main.storyboard in Resources */,
				DC62DBD71AECAC7C00C25DE0 /* LaunchScreen.xib in Resources */,
				DC62DBD41AECAC7C00C25DE0 /* Images.xcassets in Resources */,
				DC62DBF71AECDABD00C25DE0 /* layout in Resources */,
				DC62DBED1AECB11400C25DE0 /* characters.json in Resources */,
			);
			runOnlyForDeploymentPostprocessing = 0;
		};
		DC62DBDA1AECAC7D00C25DE0 /* Resources */ = {
			isa = PBXResourcesBuildPhase;
			buildActionMask = 2147483647;
			files = (
			);
			runOnlyForDeploymentPostprocessing = 0;
		};
/* End PBXResourcesBuildPhase section */

/* Begin PBXSourcesBuildPhase section */
		DC62DBC11AECAC7C00C25DE0 /* Sources */ = {
			isa = PBXSourcesBuildPhase;
			buildActionMask = 2147483647;
			files = (
				DC525CF61AF4B4F300502CAD /* QueryCharacterData.swift in Sources */,
				DC62DBCF1AECAC7C00C25DE0 /* SecondViewController.swift in Sources */,
				DC62DBEF1AECB5FE00C25DE0 /* SwiftJSONParse.swift in Sources */,
				DC62DBCB1AECAC7C00C25DE0 /* AppDelegate.swift in Sources */,
				DC62DBF51AECC39100C25DE0 /* CharacterListCell.swift in Sources */,
				DC45D33B1AF9112000222FF4 /* FriendLstCell.swift in Sources */,
				DCB0F2C61AF1F829009E01C8 /* CharacterDetailViewController.swift in Sources */,
				DC62DBF11AECB89600C25DE0 /* ListCharacterCellPic.swift in Sources */,
				DCD62BBA1AFB45D800499AA5 /* CharacterInfoTableViewCell.swift in Sources */,
				DC62DBCD1AECAC7C00C25DE0 /* ListViewController.swift in Sources */,
			);
			runOnlyForDeploymentPostprocessing = 0;
		};
		DC62DBD81AECAC7D00C25DE0 /* Sources */ = {
			isa = PBXSourcesBuildPhase;
			buildActionMask = 2147483647;
			files = (
				DC62DBE31AECAC7D00C25DE0 /* CrusadersQuestDirectoryTests.swift in Sources */,
			);
			runOnlyForDeploymentPostprocessing = 0;
		};
/* End PBXSourcesBuildPhase section */

/* Begin PBXTargetDependency section */
		DC62DBDE1AECAC7D00C25DE0 /* PBXTargetDependency */ = {
			isa = PBXTargetDependency;
			target = DC62DBC41AECAC7C00C25DE0 /* CrusadersQuestDirectory */;
			targetProxy = DC62DBDD1AECAC7D00C25DE0 /* PBXContainerItemProxy */;
		};
/* End PBXTargetDependency section */

/* Begin PBXVariantGroup section */
		DC62DBD01AECAC7C00C25DE0 /* Main.storyboard */ = {
			isa = PBXVariantGroup;
			children = (
				DC62DBD11AECAC7C00C25DE0 /* Base */,
			);
			name = Main.storyboard;
			sourceTree = "<group>";
		};
		DC62DBD51AECAC7C00C25DE0 /* LaunchScreen.xib */ = {
			isa = PBXVariantGroup;
			children = (
				DC62DBD61AECAC7C00C25DE0 /* Base */,
			);
			name = LaunchScreen.xib;
			sourceTree = "<group>";
		};
/* End PBXVariantGroup section */

/* Begin XCBuildConfiguration section */
		DC62DBE41AECAC7D00C25DE0 /* Debug */ = {
			isa = XCBuildConfiguration;
			buildSettings = {
				ALWAYS_SEARCH_USER_PATHS = NO;
				CLANG_CXX_LANGUAGE_STANDARD = "gnu++0x";
				CLANG_CXX_LIBRARY = "libc++";
				CLANG_ENABLE_MODULES = YES;
				CLANG_ENABLE_OBJC_ARC = YES;
				CLANG_WARN_BOOL_CONVERSION = YES;
				CLANG_WARN_CONSTANT_CONVERSION = YES;
				CLANG_WARN_DIRECT_OBJC_ISA_USAGE = YES_ERROR;
				CLANG_WARN_EMPTY_BODY = YES;
				CLANG_WARN_ENUM_CONVERSION = YES;
				CLANG_WARN_INT_CONVERSION = YES;
				CLANG_WARN_OBJC_ROOT_CLASS = YES_ERROR;
				CLANG_WARN_UNREACHABLE_CODE = YES;
				CLANG_WARN__DUPLICATE_METHOD_MATCH = YES;
				"CODE_SIGN_IDENTITY[sdk=iphoneos*]" = "iPhone Developer";
				COPY_PHASE_STRIP = NO;
				DEBUG_INFORMATION_FORMAT = "dwarf-with-dsym";
				ENABLE_STRICT_OBJC_MSGSEND = YES;
				GCC_C_LANGUAGE_STANDARD = gnu99;
				GCC_DYNAMIC_NO_PIC = NO;
				GCC_NO_COMMON_BLOCKS = YES;
				GCC_OPTIMIZATION_LEVEL = 0;
				GCC_PREPROCESSOR_DEFINITIONS = (
					"DEBUG=1",
					"$(inherited)",
				);
				GCC_SYMBOLS_PRIVATE_EXTERN = NO;
				GCC_WARN_64_TO_32_BIT_CONVERSION = YES;
				GCC_WARN_ABOUT_RETURN_TYPE = YES_ERROR;
				GCC_WARN_UNDECLARED_SELECTOR = YES;
				GCC_WARN_UNINITIALIZED_AUTOS = YES_AGGRESSIVE;
				GCC_WARN_UNUSED_FUNCTION = YES;
				GCC_WARN_UNUSED_VARIABLE = YES;
				IPHONEOS_DEPLOYMENT_TARGET = 8.1;
				MTL_ENABLE_DEBUG_INFO = YES;
				ONLY_ACTIVE_ARCH = YES;
				SDKROOT = iphoneos;
				SWIFT_OPTIMIZATION_LEVEL = "-Onone";
			};
			name = Debug;
		};
		DC62DBE51AECAC7D00C25DE0 /* Release */ = {
			isa = XCBuildConfiguration;
			buildSettings = {
				ALWAYS_SEARCH_USER_PATHS = NO;
				CLANG_CXX_LANGUAGE_STANDARD = "gnu++0x";
				CLANG_CXX_LIBRARY = "libc++";
				CLANG_ENABLE_MODULES = YES;
				CLANG_ENABLE_OBJC_ARC = YES;
				CLANG_WARN_BOOL_CONVERSION = YES;
				CLANG_WARN_CONSTANT_CONVERSION = YES;
				CLANG_WARN_DIRECT_OBJC_ISA_USAGE = YES_ERROR;
				CLANG_WARN_EMPTY_BODY = YES;
				CLANG_WARN_ENUM_CONVERSION = YES;
				CLANG_WARN_INT_CONVERSION = YES;
				CLANG_WARN_OBJC_ROOT_CLASS = YES_ERROR;
				CLANG_WARN_UNREACHABLE_CODE = YES;
				CLANG_WARN__DUPLICATE_METHOD_MATCH = YES;
				"CODE_SIGN_IDENTITY[sdk=iphoneos*]" = "iPhone Developer";
				COPY_PHASE_STRIP = NO;
				DEBUG_INFORMATION_FORMAT = "dwarf-with-dsym";
				ENABLE_NS_ASSERTIONS = NO;
				ENABLE_STRICT_OBJC_MSGSEND = YES;
				GCC_C_LANGUAGE_STANDARD = gnu99;
				GCC_NO_COMMON_BLOCKS = YES;
				GCC_WARN_64_TO_32_BIT_CONVERSION = YES;
				GCC_WARN_ABOUT_RETURN_TYPE = YES_ERROR;
				GCC_WARN_UNDECLARED_SELECTOR = YES;
				GCC_WARN_UNINITIALIZED_AUTOS = YES_AGGRESSIVE;
				GCC_WARN_UNUSED_FUNCTION = YES;
				GCC_WARN_UNUSED_VARIABLE = YES;
				IPHONEOS_DEPLOYMENT_TARGET = 8.1;
				MTL_ENABLE_DEBUG_INFO = NO;
				SDKROOT = iphoneos;
				VALIDATE_PRODUCT = YES;
			};
			name = Release;
		};
		DC62DBE71AECAC7D00C25DE0 /* Debug */ = {
			isa = XCBuildConfiguration;
			buildSettings = {
				ASSETCATALOG_COMPILER_APPICON_NAME = AppIcon;
				CLANG_ENABLE_MODULES = YES;
				FRAMEWORK_SEARCH_PATHS = (
					"$(inherited)",
					"$(PROJECT_DIR)",
				);
				INFOPLIST_FILE = CrusadersQuestDirectory/Info.plist;
				LD_RUNPATH_SEARCH_PATHS = "$(inherited) @executable_path/Frameworks";
				OTHER_LDFLAGS = "-ObjC";
				PRODUCT_NAME = "$(TARGET_NAME)";
				SWIFT_OBJC_BRIDGING_HEADER = "CrusadersQuestDirectory/CrusadersQuestDirectory-Bridging-Header.h";
				SWIFT_OPTIMIZATION_LEVEL = "-Onone";
			};
			name = Debug;
		};
		DC62DBE81AECAC7D00C25DE0 /* Release */ = {
			isa = XCBuildConfiguration;
			buildSettings = {
				ASSETCATALOG_COMPILER_APPICON_NAME = AppIcon;
				CLANG_ENABLE_MODULES = YES;
				FRAMEWORK_SEARCH_PATHS = (
					"$(inherited)",
					"$(PROJECT_DIR)",
				);
				INFOPLIST_FILE = CrusadersQuestDirectory/Info.plist;
				LD_RUNPATH_SEARCH_PATHS = "$(inherited) @executable_path/Frameworks";
				OTHER_LDFLAGS = "-ObjC";
				PRODUCT_NAME = "$(TARGET_NAME)";
				SWIFT_OBJC_BRIDGING_HEADER = "CrusadersQuestDirectory/CrusadersQuestDirectory-Bridging-Header.h";
			};
			name = Release;
		};
		DC62DBEA1AECAC7D00C25DE0 /* Debug */ = {
			isa = XCBuildConfiguration;
			buildSettings = {
				BUNDLE_LOADER = "$(TEST_HOST)";
				FRAMEWORK_SEARCH_PATHS = (
					"$(SDKROOT)/Developer/Library/Frameworks",
					"$(inherited)",
				);
				GCC_PREPROCESSOR_DEFINITIONS = (
					"DEBUG=1",
					"$(inherited)",
				);
				INFOPLIST_FILE = CrusadersQuestDirectoryTests/Info.plist;
				LD_RUNPATH_SEARCH_PATHS = "$(inherited) @executable_path/Frameworks @loader_path/Frameworks";
				PRODUCT_NAME = "$(TARGET_NAME)";
				TEST_HOST = "$(BUILT_PRODUCTS_DIR)/CrusadersQuestDirectory.app/CrusadersQuestDirectory";
			};
			name = Debug;
		};
		DC62DBEB1AECAC7D00C25DE0 /* Release */ = {
			isa = XCBuildConfiguration;
			buildSettings = {
				BUNDLE_LOADER = "$(TEST_HOST)";
				FRAMEWORK_SEARCH_PATHS = (
					"$(SDKROOT)/Developer/Library/Frameworks",
					"$(inherited)",
				);
				INFOPLIST_FILE = CrusadersQuestDirectoryTests/Info.plist;
				LD_RUNPATH_SEARCH_PATHS = "$(inherited) @executable_path/Frameworks @loader_path/Frameworks";
				PRODUCT_NAME = "$(TARGET_NAME)";
				TEST_HOST = "$(BUILT_PRODUCTS_DIR)/CrusadersQuestDirectory.app/CrusadersQuestDirectory";
			};
			name = Release;
		};
/* End XCBuildConfiguration section */

/* Begin XCConfigurationList section */
		DC62DBC01AECAC7C00C25DE0 /* Build configuration list for PBXProject "CrusadersQuestDirectory" */ = {
			isa = XCConfigurationList;
			buildConfigurations = (
				DC62DBE41AECAC7D00C25DE0 /* Debug */,
				DC62DBE51AECAC7D00C25DE0 /* Release */,
			);
			defaultConfigurationIsVisible = 0;
			defaultConfigurationName = Release;
		};
		DC62DBE61AECAC7D00C25DE0 /* Build configuration list for PBXNativeTarget "CrusadersQuestDirectory" */ = {
			isa = XCConfigurationList;
			buildConfigurations = (
				DC62DBE71AECAC7D00C25DE0 /* Debug */,
				DC62DBE81AECAC7D00C25DE0 /* Release */,
			);
			defaultConfigurationIsVisible = 0;
			defaultConfigurationName = Release;
		};
		DC62DBE91AECAC7D00C25DE0 /* Build configuration list for PBXNativeTarget "CrusadersQuestDirectoryTests" */ = {
			isa = XCConfigurationList;
			buildConfigurations = (
				DC62DBEA1AECAC7D00C25DE0 /* Debug */,
				DC62DBEB1AECAC7D00C25DE0 /* Release */,
			);
			defaultConfigurationIsVisible = 0;
			defaultConfigurationName = Release;
		};
/* End XCConfigurationList section */
	};
	rootObject = DC62DBBD1AECAC7C00C25DE0 /* Project object */;
}
